{
  "R": {
    "Version": "4.0.3",
    "Repositories": [
      {
        "Name": "REPO_NAME",
        "URL": "https://packagemanager.rstudio.com/cran/latest"
      }
    ]
  },
  "Packages": {
    "renv": {
      "Package": "renv",
      "Version": "1.0.3.9000",
      "Source": "GitHub",
      "RemoteType": "github",
      "RemoteHost": "api.github.com",
      "RemoteUsername": "rstudio",
      "RemoteRepo": "renv",
      "RemoteRef": "main",
      "RemoteSha": "63f3073aa60937498bc7d3f8a5a242bded237d4b"
    }
  }
}
